{
  "requires": true,
  "lockfileVersion": 1,
  "dependencies": {
    "create-next-app": {
      "version": "12.1.6",
      "resolved": "https://registry.npmjs.org/create-next-app/-/create-next-app-12.1.6.tgz",
      "integrity": "sha512-125xBKrrzL+JHKVOKrCNGuNlo1MZ+966iVVUWZvqTkkiZ0Mn2br49woU6UoriIH3OET857TTF/ol3nQPJ/eizg=="
    }
  }
}
